
Microsoft Visual Studio Solution File, Format Version 12.00
# Visual Studio Version 17
VisualStudioVersion = 17.3.32929.385
MinimumVisualStudioVersion = 10.0.40219.1
Project("{FAE04EC0-301F-11D3-BF4B-00C04F79EFBC}") = "Life-game", "Life-game.csproj", "{B95786F1-CC60-46AE-BF23-48DDAA4358F5}"
EndProject
Global
	GlobalSection(SolutionConfigurationPlatforms) = preSolution
		Debug|Any CPU = Debug|Any CPU
		Release|Any CPU = Release|Any CPU
	EndGlobalSection
	GlobalSection(ProjectConfigurationPlatforms) = postSolution
		{B95786F1-CC60-46AE-BF23-48DDAA4358F5}.Debug|Any CPU.ActiveCfg = Debug|Any CPU
		{B95786F1-CC60-46AE-BF23-48DDAA4358F5}.Debug|Any CPU.Build.0 = Debug|Any CPU
		{B95786F1-CC60-46AE-BF23-48DDAA4358F5}.Release|Any CPU.ActiveCfg = Release|Any CPU
		{B95786F1-CC60-46AE-BF23-48DDAA4358F5}.Release|Any CPU.Build.0 = Release|Any CPU
	EndGlobalSection
	GlobalSection(SolutionProperties) = preSolution
		HideSolutionNode = FALSE
	EndGlobalSection
	GlobalSection(ExtensibilityGlobals) = postSolution
		SolutionGuid = {FC629157-F388-4ACE-B122-D8B248FF00EE}
	EndGlobalSection
EndGlobal
